
Microsoft Visual Studio Solution File, Format Version 12.00
# Visual Studio 15
VisualStudioVersion = 15.0.28010.2048
MinimumVisualStudioVersion = 10.0.40219.1
Project("{FAE04EC0-301F-11D3-BF4B-00C04F79EFBC}") = "BearingPluginUi", "BearingPluginUi\BearingPluginUi.csproj", "{CC927A68-96FC-406B-AF7A-AE189B21CA31}"
EndProject
Project("{FAE04EC0-301F-11D3-BF4B-00C04F79EFBC}") = "BearingPlugin.Libary", "BearingPlugin.Libary\BearingPlugin.Libary.csproj", "{7389DEC9-392A-44E1-9C9C-81E34A2C6381}"
EndProject
Project("{FAE04EC0-301F-11D3-BF4B-00C04F79EFBC}") = "BearingPlugin.UnitTests", "BearingPlugin.UnitTests\BearingPlugin.UnitTests.csproj", "{653E2FE9-0FB1-4008-A0B9-9B605BAEDD39}"
EndProject
Global
	GlobalSection(SolutionConfigurationPlatforms) = preSolution
		Debug|Any CPU = Debug|Any CPU
		Debug|ARM = Debug|ARM
		Debug|x64 = Debug|x64
		Debug|x86 = Debug|x86
		Release|Any CPU = Release|Any CPU
		Release|ARM = Release|ARM
		Release|x64 = Release|x64
		Release|x86 = Release|x86
	EndGlobalSection
	GlobalSection(ProjectConfigurationPlatforms) = postSolution
		{CC927A68-96FC-406B-AF7A-AE189B21CA31}.Debug|Any CPU.ActiveCfg = Debug|Any CPU
		{CC927A68-96FC-406B-AF7A-AE189B21CA31}.Debug|Any CPU.Build.0 = Debug|Any CPU
		{CC927A68-96FC-406B-AF7A-AE189B21CA31}.Debug|ARM.ActiveCfg = Debug|Any CPU
		{CC927A68-96FC-406B-AF7A-AE189B21CA31}.Debug|ARM.Build.0 = Debug|Any CPU
		{CC927A68-96FC-406B-AF7A-AE189B21CA31}.Debug|x64.ActiveCfg = Debug|Any CPU
		{CC927A68-96FC-406B-AF7A-AE189B21CA31}.Debug|x64.Build.0 = Debug|Any CPU
		{CC927A68-96FC-406B-AF7A-AE189B21CA31}.Debug|x86.ActiveCfg = Debug|Any CPU
		{CC927A68-96FC-406B-AF7A-AE189B21CA31}.Debug|x86.Build.0 = Debug|Any CPU
		{CC927A68-96FC-406B-AF7A-AE189B21CA31}.Release|Any CPU.ActiveCfg = Release|Any CPU
		{CC927A68-96FC-406B-AF7A-AE189B21CA31}.Release|Any CPU.Build.0 = Release|Any CPU
		{CC927A68-96FC-406B-AF7A-AE189B21CA31}.Release|ARM.ActiveCfg = Release|Any CPU
		{CC927A68-96FC-406B-AF7A-AE189B21CA31}.Release|ARM.Build.0 = Release|Any CPU
		{CC927A68-96FC-406B-AF7A-AE189B21CA31}.Release|x64.ActiveCfg = Release|Any CPU
		{CC927A68-96FC-406B-AF7A-AE189B21CA31}.Release|x64.Build.0 = Release|Any CPU
		{CC927A68-96FC-406B-AF7A-AE189B21CA31}.Release|x86.ActiveCfg = Release|Any CPU
		{CC927A68-96FC-406B-AF7A-AE189B21CA31}.Release|x86.Build.0 = Release|Any CPU
		{7389DEC9-392A-44E1-9C9C-81E34A2C6381}.Debug|Any CPU.ActiveCfg = Debug|Any CPU
		{7389DEC9-392A-44E1-9C9C-81E34A2C6381}.Debug|Any CPU.Build.0 = Debug|Any CPU
		{7389DEC9-392A-44E1-9C9C-81E34A2C6381}.Debug|ARM.ActiveCfg = Debug|Any CPU
		{7389DEC9-392A-44E1-9C9C-81E34A2C6381}.Debug|ARM.Build.0 = Debug|Any CPU
		{7389DEC9-392A-44E1-9C9C-81E34A2C6381}.Debug|x64.ActiveCfg = Debug|Any CPU
		{7389DEC9-392A-44E1-9C9C-81E34A2C6381}.Debug|x64.Build.0 = Debug|Any CPU
		{7389DEC9-392A-44E1-9C9C-81E34A2C6381}.Debug|x86.ActiveCfg = Debug|Any CPU
		{7389DEC9-392A-44E1-9C9C-81E34A2C6381}.Debug|x86.Build.0 = Debug|Any CPU
		{7389DEC9-392A-44E1-9C9C-81E34A2C6381}.Release|Any CPU.ActiveCfg = Release|Any CPU
		{7389DEC9-392A-44E1-9C9C-81E34A2C6381}.Release|Any CPU.Build.0 = Release|Any CPU
		{7389DEC9-392A-44E1-9C9C-81E34A2C6381}.Release|ARM.ActiveCfg = Release|Any CPU
		{7389DEC9-392A-44E1-9C9C-81E34A2C6381}.Release|ARM.Build.0 = Release|Any CPU
		{7389DEC9-392A-44E1-9C9C-81E34A2C6381}.Release|x64.ActiveCfg = Release|Any CPU
		{7389DEC9-392A-44E1-9C9C-81E34A2C6381}.Release|x64.Build.0 = Release|Any CPU
		{7389DEC9-392A-44E1-9C9C-81E34A2C6381}.Release|x86.ActiveCfg = Release|Any CPU
		{7389DEC9-392A-44E1-9C9C-81E34A2C6381}.Release|x86.Build.0 = Release|Any CPU
		{653E2FE9-0FB1-4008-A0B9-9B605BAEDD39}.Debug|Any CPU.ActiveCfg = Debug|Any CPU
		{653E2FE9-0FB1-4008-A0B9-9B605BAEDD39}.Debug|Any CPU.Build.0 = Debug|Any CPU
		{653E2FE9-0FB1-4008-A0B9-9B605BAEDD39}.Debug|ARM.ActiveCfg = Debug|Any CPU
		{653E2FE9-0FB1-4008-A0B9-9B605BAEDD39}.Debug|ARM.Build.0 = Debug|Any CPU
		{653E2FE9-0FB1-4008-A0B9-9B605BAEDD39}.Debug|x64.ActiveCfg = Debug|Any CPU
		{653E2FE9-0FB1-4008-A0B9-9B605BAEDD39}.Debug|x64.Build.0 = Debug|Any CPU
		{653E2FE9-0FB1-4008-A0B9-9B605BAEDD39}.Debug|x86.ActiveCfg = Debug|Any CPU
		{653E2FE9-0FB1-4008-A0B9-9B605BAEDD39}.Debug|x86.Build.0 = Debug|Any CPU
		{653E2FE9-0FB1-4008-A0B9-9B605BAEDD39}.Release|Any CPU.ActiveCfg = Release|Any CPU
		{653E2FE9-0FB1-4008-A0B9-9B605BAEDD39}.Release|Any CPU.Build.0 = Release|Any CPU
		{653E2FE9-0FB1-4008-A0B9-9B605BAEDD39}.Release|ARM.ActiveCfg = Release|Any CPU
		{653E2FE9-0FB1-4008-A0B9-9B605BAEDD39}.Release|ARM.Build.0 = Release|Any CPU
		{653E2FE9-0FB1-4008-A0B9-9B605BAEDD39}.Release|x64.ActiveCfg = Release|Any CPU
		{653E2FE9-0FB1-4008-A0B9-9B605BAEDD39}.Release|x64.Build.0 = Release|Any CPU
		{653E2FE9-0FB1-4008-A0B9-9B605BAEDD39}.Release|x86.ActiveCfg = Release|Any CPU
		{653E2FE9-0FB1-4008-A0B9-9B605BAEDD39}.Release|x86.Build.0 = Release|Any CPU
	EndGlobalSection
	GlobalSection(SolutionProperties) = preSolution
		HideSolutionNode = FALSE
	EndGlobalSection
	GlobalSection(ExtensibilityGlobals) = postSolution
		SolutionGuid = {23B6822A-0204-48D5-AA0D-E8537811D16D}
	EndGlobalSection
EndGlobal
